lockfileVersion: 5.4

specifiers:
  '@dicebear/collection': ^5.3.0
  '@dicebear/core': ^5.3.0
  '@resvg/resvg-js': ^2.0.0
  '@types/express': ^4.17.17
  '@types/node': ^18.13.0
  express: ^4.18.2
  sharp: ^0.30.4

dependencies:
  '@dicebear/collection': 5.3.0_@dicebear+core@5.3.0
  '@dicebear/core': 5.3.0_6byrjr6gprntmwcsm5qfyfx5ua
  '@resvg/resvg-js': 2.4.0
  express: 4.18.2
  sharp: 0.30.7

devDependencies:
  '@types/express': 4.17.17
  '@types/node': 18.13.0

packages:

  /@dicebear/adventurer-neutral/5.3.0_@dicebear+core@5.3.0:
    resolution: {integrity: sha512-GE3GgdvWWofcq/Lqg9KOUIZ+n4Z07ZqzmYhzDC9/XDSQtnwuVRcupm8Vy0qHWXBBAx034Bb7ckxQyPDC/+Ue7g==}
    engines: {node: ^14.13.1 || >=16.0.0}
    peerDependencies:
      '@dicebear/core': ^5.0.0
    dependencies:
      '@dicebear/core': 5.3.0_6byrjr6gprntmwcsm5qfyfx5ua
    dev: false

  /@dicebear/adventurer/5.3.0_@dicebear+core@5.3.0:
    resolution: {integrity: sha512-k/tAz5Og6IjWxUBErEv6uY0DePaHHS/gIbpx9tsF40giofj+J9CDjznbczXHRholKLKyb17ouXyZDRaxWIWT1g==}
    engines: {node: ^14.13.1 || >=16.0.0}
    peerDependencies:
      '@dicebear/core': ^5.0.0
    dependencies:
      '@dicebear/core': 5.3.0_6byrjr6gprntmwcsm5qfyfx5ua
    dev: false

  /@dicebear/avataaars-neutral/5.3.0_@dicebear+core@5.3.0:
    resolution: {integrity: sha512-hzV8HSxjVdtU1qZ10P1aZkPgBj62dRy6xKs4PmaPDa0QoZunv1xcFaFcA62yEhGaNAPFXqfk2+wegH4jGY+iSg==}
    engines: {node: ^14.13.1 || >=16.0.0}
    peerDependencies:
      '@dicebear/core': ^5.0.0
    dependencies:
      '@dicebear/core': 5.3.0_6byrjr6gprntmwcsm5qfyfx5ua
    dev: false

  /@dicebear/avataaars/5.3.0_@dicebear+core@5.3.0:
    resolution: {integrity: sha512-OdGejNVedyJBZS4wmJ2uULGRq/BPnYqYJ9aAxdOSOG+MmjxLKhHuYTJiPYySlTP29wassoOTbQPXgwzKS+iUuw==}
    engines: {node: ^14.13.1 || >=16.0.0}
    peerDependencies:
      '@dicebear/core': ^5.0.0
    dependencies:
      '@dicebear/core': 5.3.0_6byrjr6gprntmwcsm5qfyfx5ua
    dev: false

  /@dicebear/big-ears-neutral/5.3.0_@dicebear+core@5.3.0:
    resolution: {integrity: sha512-gNzEcFw+jWZfYEl3mkjcikZlSYs+RrpzkzKENOMHIull6BmpG1f1Z01bs4vt3lA4XM8wFXVdjrGOlsAt5a3LQQ==}
    engines: {node: ^14.13.1 || >=16.0.0}
    peerDependencies:
      '@dicebear/core': ^5.0.0
    dependencies:
      '@dicebear/core': 5.3.0_6byrjr6gprntmwcsm5qfyfx5ua
    dev: false

  /@dicebear/big-ears/5.3.0_@dicebear+core@5.3.0:
    resolution: {integrity: sha512-h3dLMWFJ+PQN0BqD6F87Rn3wNek1vXjqHD0IF7hlbPDP7Lt+1s9fJi7npjqm2nsFDE9ohAPEG00TgRGmMTjDrw==}
    engines: {node: ^14.13.1 || >=16.0.0}
    peerDependencies:
      '@dicebear/core': ^5.0.0
    dependencies:
      '@dicebear/core': 5.3.0_6byrjr6gprntmwcsm5qfyfx5ua
    dev: false

  /@dicebear/big-smile/5.3.0_@dicebear+core@5.3.0:
    resolution: {integrity: sha512-RvsEormfRBdEeCqD213VELDbE1v2Tm9aj4FhxauMnHtOuXQ/PGPoehYKnHKxfwc1UxdczNG5tQlwrnZknlwnww==}
    engines: {node: ^14.13.1 || >=16.0.0}
    peerDependencies:
      '@dicebear/core': ^5.0.0
    dependencies:
      '@dicebear/core': 5.3.0_6byrjr6gprntmwcsm5qfyfx5ua
    dev: false

  /@dicebear/bottts-neutral/5.3.0_@dicebear+core@5.3.0:
    resolution: {integrity: sha512-lO6QE4fcaQWAcLmO0ej36BcEbBQqmcpE6Vcdar5t2bYYrEXt9ZeMa53Sf4F6I2bQ352JJEEYc+TkgPnTaB/dOw==}
    engines: {node: ^14.13.1 || >=16.0.0}
    peerDependencies:
      '@dicebear/core': ^5.0.0
    dependencies:
      '@dicebear/core': 5.3.0_6byrjr6gprntmwcsm5qfyfx5ua
    dev: false

  /@dicebear/bottts/5.3.0_@dicebear+core@5.3.0:
    resolution: {integrity: sha512-y/v21mgG7dpRVmZoCKYy1kBlDK8VpZBtD949ZVbTCcfK4vPZjqJqbM1hnkHX8BL2e+fd+d3zRdtpeDLROQVtug==}
    engines: {node: ^14.13.1 || >=16.0.0}
    peerDependencies:
      '@dicebear/core': ^5.0.0
    dependencies:
      '@dicebear/core': 5.3.0_6byrjr6gprntmwcsm5qfyfx5ua
    dev: false

  /@dicebear/collection/5.3.0_@dicebear+core@5.3.0:
    resolution: {integrity: sha512-UA/NIDyLFcYkXjaUz8GhDwMsYINyGum6iDejvWaCizlKAlWa7jI6XyDntIv2eHVpU80GoDnr2+JlkuxIEutqKg==}
    engines: {node: ^14.13.1 || >=16.0.0}
    peerDependencies:
      '@dicebear/core': ^5.0.0
    dependencies:
      '@dicebear/adventurer': 5.3.0_@dicebear+core@5.3.0
      '@dicebear/adventurer-neutral': 5.3.0_@dicebear+core@5.3.0
      '@dicebear/avataaars': 5.3.0_@dicebear+core@5.3.0
      '@dicebear/avataaars-neutral': 5.3.0_@dicebear+core@5.3.0
      '@dicebear/big-ears': 5.3.0_@dicebear+core@5.3.0
      '@dicebear/big-ears-neutral': 5.3.0_@dicebear+core@5.3.0
      '@dicebear/big-smile': 5.3.0_@dicebear+core@5.3.0
      '@dicebear/bottts': 5.3.0_@dicebear+core@5.3.0
      '@dicebear/bottts-neutral': 5.3.0_@dicebear+core@5.3.0
      '@dicebear/core': 5.3.0_6byrjr6gprntmwcsm5qfyfx5ua
      '@dicebear/croodles': 5.3.0_@dicebear+core@5.3.0
      '@dicebear/croodles-neutral': 5.3.0_@dicebear+core@5.3.0
      '@dicebear/fun-emoji': 5.3.0_@dicebear+core@5.3.0
      '@dicebear/icons': 5.3.0_@dicebear+core@5.3.0
      '@dicebear/identicon': 5.3.0_@dicebear+core@5.3.0
      '@dicebear/initials': 5.3.0_@dicebear+core@5.3.0
      '@dicebear/lorelei': 5.3.0_@dicebear+core@5.3.0
      '@dicebear/lorelei-neutral': 5.3.0_@dicebear+core@5.3.0
      '@dicebear/micah': 5.3.0_@dicebear+core@5.3.0
      '@dicebear/miniavs': 5.3.0_@dicebear+core@5.3.0
      '@dicebear/open-peeps': 5.3.0_@dicebear+core@5.3.0
      '@dicebear/personas': 5.3.0_@dicebear+core@5.3.0
      '@dicebear/pixel-art': 5.3.0_@dicebear+core@5.3.0
      '@dicebear/pixel-art-neutral': 5.3.0_@dicebear+core@5.3.0
      '@dicebear/shapes': 5.3.0_@dicebear+core@5.3.0
      '@dicebear/thumbs': 5.3.0_@dicebear+core@5.3.0
    dev: false

  /@dicebear/converter/5.3.0_6byrjr6gprntmwcsm5qfyfx5ua:
    resolution: {integrity: sha512-adqlQ5fellCUazD+61U+eTeVUUiTaBV7q64whWiK34TCgevCwWAkWTyzY6pHHhCev7gzaKElN/26XLWK1sv7VA==}
    engines: {node: ^14.13.1 || >=16.0.0}
    peerDependencies:
      '@resvg/resvg-js': ^2.0.0
      exiftool-vendored: ^16.4.0
      sharp: ^0.30.0
    peerDependenciesMeta:
      '@resvg/resvg-js':
        optional: true
      exiftool-vendored:
        optional: true
      sharp:
        optional: true
    dependencies:
      '@resvg/resvg-js': 2.4.0
      '@types/json-schema': 7.0.11
      sharp: 0.30.7
      tmp-promise: 3.0.3
    dev: false

  /@dicebear/core/5.3.0_6byrjr6gprntmwcsm5qfyfx5ua:
    resolution: {integrity: sha512-aXHC0X1piSp+jxQdMcBv+V1LGt3oty0qgiA5UOYtQZGjeB7xKCJMd9mQhXgt9eHbTS/WkAov1wt9aHaAcURm0Q==}
    engines: {node: ^14.13.1 || >=16.0.0}
    dependencies:
      '@dicebear/converter': 5.3.0_6byrjr6gprntmwcsm5qfyfx5ua
    transitivePeerDependencies:
      - '@resvg/resvg-js'
      - exiftool-vendored
      - sharp
    dev: false

  /@dicebear/croodles-neutral/5.3.0_@dicebear+core@5.3.0:
    resolution: {integrity: sha512-jgF6DTY1vdpQKdwdMDb3W7/3pVMubvhr0zIuyTFeo5dCc0HdeWBwidIUZR5p9k6AT7huDbjIFSRQEluLmpS4Iw==}
    engines: {node: ^14.13.1 || >=16.0.0}
    peerDependencies:
      '@dicebear/core': ^5.0.0
    dependencies:
      '@dicebear/core': 5.3.0_6byrjr6gprntmwcsm5qfyfx5ua
    dev: false

  /@dicebear/croodles/5.3.0_@dicebear+core@5.3.0:
    resolution: {integrity: sha512-MqPYI6u78sNQ9X7/x7JEozpmuq+gReSgZAk9056U8KpLjBTegGKyFQO5wpWY0kZAGhoDTNmuv4eCYcDxqhdh1Q==}
    engines: {node: ^14.13.1 || >=16.0.0}
    peerDependencies:
      '@dicebear/core': ^5.0.0
    dependencies:
      '@dicebear/core': 5.3.0_6byrjr6gprntmwcsm5qfyfx5ua
    dev: false

  /@dicebear/fun-emoji/5.3.0_@dicebear+core@5.3.0:
    resolution: {integrity: sha512-uUDLs00Av35TosmDdW8K7JCdzhtk1RPbFrta5x/pPfmBVEUguxMvwZqXgx6eDNCvqPwU4SbbUBCxglQr5jV7+Q==}
    engines: {node: ^14.13.1 || >=16.0.0}
    peerDependencies:
      '@dicebear/core': ^5.0.0
    dependencies:
      '@dicebear/core': 5.3.0_6byrjr6gprntmwcsm5qfyfx5ua
    dev: false

  /@dicebear/icons/5.3.0_@dicebear+core@5.3.0:
    resolution: {integrity: sha512-rgWuAId2E94pKPj28qTC2ymno0hjcOVlWPPIrxG+CJgFoESyrjLazcotisuosdKUr8hplfEMCVW4WSxeo0ITMw==}
    engines: {node: ^14.13.1 || >=16.0.0}
    peerDependencies:
      '@dicebear/core': ^5.0.0
    dependencies:
      '@dicebear/core': 5.3.0_6byrjr6gprntmwcsm5qfyfx5ua
    dev: false

  /@dicebear/identicon/5.3.0_@dicebear+core@5.3.0:
    resolution: {integrity: sha512-m2xtD5zNXWn2PJISpFT7yt5aECqQLgQiL3PZzPvbUpqIN806Or20KjrCA4KJFqPSr44Wy4o9gKirli7U1Kt7hg==}
    engines: {node: ^14.13.1 || >=16.0.0}
    peerDependencies:
      '@dicebear/core': ^5.0.0
    dependencies:
      '@dicebear/core': 5.3.0_6byrjr6gprntmwcsm5qfyfx5ua
    dev: false

  /@dicebear/initials/5.3.0_@dicebear+core@5.3.0:
    resolution: {integrity: sha512-34/nSsMWQpGc5kI5AA3Byah2exaZs9ahGuutATV9CjMluQ0Q3C20rCZUq3na66rLoZSFoMM8mF1dgyYzPBvs8Q==}
    engines: {node: ^14.13.1 || >=16.0.0}
    peerDependencies:
      '@dicebear/core': ^5.0.0
    dependencies:
      '@dicebear/core': 5.3.0_6byrjr6gprntmwcsm5qfyfx5ua
    dev: false

  /@dicebear/lorelei-neutral/5.3.0_@dicebear+core@5.3.0:
    resolution: {integrity: sha512-S0v4TNMYJUrrNQLKGsINDDp3kFCcH3ghsGy0g+7PhTsdtChm4rwVvk/NNUhMtGfWPEGzEMlH4yKFW00JiArPhA==}
    engines: {node: ^14.13.1 || >=16.0.0}
    peerDependencies:
      '@dicebear/core': ^5.0.0
    dependencies:
      '@dicebear/core': 5.3.0_6byrjr6gprntmwcsm5qfyfx5ua
    dev: false

  /@dicebear/lorelei/5.3.0_@dicebear+core@5.3.0:
    resolution: {integrity: sha512-IHozOd0Wde2A8yIjisJGqvJnYGCA1PAoxSnN2mgvdP3w7iFIEcjJYUi2EpUAzrebXD9aynJ7cPu1GbBiOpAAUA==}
    engines: {node: ^14.13.1 || >=16.0.0}
    peerDependencies:
      '@dicebear/core': ^5.0.0
    dependencies:
      '@dicebear/core': 5.3.0_6byrjr6gprntmwcsm5qfyfx5ua
    dev: false

  /@dicebear/micah/5.3.0_@dicebear+core@5.3.0:
    resolution: {integrity: sha512-NE9sghVt/gp+k6/qnJQRImwRoixKVcjTGBBrQVQWJuPR3Pi5oURvTisW6sZHe4uWd+VBIDdhTMK3RebKEJ0fFw==}
    engines: {node: ^14.13.1 || >=16.0.0}
    peerDependencies:
      '@dicebear/core': ^5.0.0
    dependencies:
      '@dicebear/core': 5.3.0_6byrjr6gprntmwcsm5qfyfx5ua
    dev: false

  /@dicebear/miniavs/5.3.0_@dicebear+core@5.3.0:
    resolution: {integrity: sha512-slgDSSbBL2wwAuEFGYzP+NI+34EGBcNtoiJJvZhvKVFHwLW51eQ3S9zgQIRWzbnCP5icFpU7zkCqeOCGACw28g==}
    engines: {node: ^14.13.1 || >=16.0.0}
    peerDependencies:
      '@dicebear/core': ^5.0.0
    dependencies:
      '@dicebear/core': 5.3.0_6byrjr6gprntmwcsm5qfyfx5ua
    dev: false

  /@dicebear/open-peeps/5.3.0_@dicebear+core@5.3.0:
    resolution: {integrity: sha512-wlINmH6nX2/RhQTRec/PnaRx/zBxHoPzlBjwPF09Ykp7J0+rAgJRIDRQPt7t66YEhAarXn+2sRUJ75RXDSHGWA==}
    engines: {node: ^14.13.1 || >=16.0.0}
    peerDependencies:
      '@dicebear/core': ^5.0.0
    dependencies:
      '@dicebear/core': 5.3.0_6byrjr6gprntmwcsm5qfyfx5ua
    dev: false

  /@dicebear/personas/5.3.0_@dicebear+core@5.3.0:
    resolution: {integrity: sha512-uBUbAOpbOieBKcM2qWQn6HOL566vjDxtAsyRQw+guRSP+yZJtxBP08klo6y3Y2rx8rkgyULxC2TF7noSPoQhCw==}
    engines: {node: ^14.13.1 || >=16.0.0}
    peerDependencies:
      '@dicebear/core': ^5.0.0
    dependencies:
      '@dicebear/core': 5.3.0_6byrjr6gprntmwcsm5qfyfx5ua
    dev: false

  /@dicebear/pixel-art-neutral/5.3.0_@dicebear+core@5.3.0:
    resolution: {integrity: sha512-aLYPBPeBk3Q9sijR8x58H0N0LL/ScMLU9NnqX/v8cd6Yh57wed9NZO/F6bcvbiFsNhU5u5zcaKkpD1ubWU8DZQ==}
    engines: {node: ^14.13.1 || >=16.0.0}
    peerDependencies:
      '@dicebear/core': ^5.0.0
    dependencies:
      '@dicebear/core': 5.3.0_6byrjr6gprntmwcsm5qfyfx5ua
    dev: false

  /@dicebear/pixel-art/5.3.0_@dicebear+core@5.3.0:
    resolution: {integrity: sha512-/z4sMWzYE79u18yiMBgE06e4Cno19mICZMg90bsbOoAi0xVxBk47tbKwepVTb5ye3Zlp44e1sH9olZ61ecZKUg==}
    engines: {node: ^14.13.1 || >=16.0.0}
    peerDependencies:
      '@dicebear/core': ^5.0.0
    dependencies:
      '@dicebear/core': 5.3.0_6byrjr6gprntmwcsm5qfyfx5ua
    dev: false

  /@dicebear/shapes/5.3.0_@dicebear+core@5.3.0:
    resolution: {integrity: sha512-fNY7XhyX2ELHRswYTKg1SdbQHMMKYCkrm59IX8x6QvgsVbU0FbzVyGur89GWAPQ7rrx/JsmLJLdOWOVfWBgWUA==}
    engines: {node: ^14.13.1 || >=16.0.0}
    peerDependencies:
      '@dicebear/core': ^5.0.0
    dependencies:
      '@dicebear/core': 5.3.0_6byrjr6gprntmwcsm5qfyfx5ua
    dev: false

  /@dicebear/thumbs/5.3.0_@dicebear+core@5.3.0:
    resolution: {integrity: sha512-LvSXe3QvNRXNOb4yQ3JTxXK/LsQ0xx5Qogiu83veEK4FVsoq4HydFZyTzZ1GRx3nlorZ8kshA5IMNGU5iqx7BQ==}
    engines: {node: ^14.13.1 || >=16.0.0}
    peerDependencies:
      '@dicebear/core': ^5.0.0
    dependencies:
      '@dicebear/core': 5.3.0_6byrjr6gprntmwcsm5qfyfx5ua
    dev: false

  /@resvg/resvg-js-android-arm-eabi/2.4.0:
    resolution: {integrity: sha512-AtsKxd4bxlaMvWNZev6IMSNVl48yOHYMuccoVNT1Kzg5L/uWsEtWw8YV16GPc5W08NeeAOPr9ErCszm+fXYcsg==}
    engines: {node: '>= 10'}
    cpu: [arm]
    os: [android]
    requiresBuild: true
    dev: false
    optional: true

  /@resvg/resvg-js-android-arm64/2.4.0:
    resolution: {integrity: sha512-i0uuOSRrloU15mEPX21kOIVMNwoYKhcmiDjF+Cfu1K3LCNgPpIevu5oZ+wDnDy3Camcmu1bIEIkZ472wStK3aA==}
    engines: {node: '>= 10'}
    cpu: [arm64]
    os: [android]
    requiresBuild: true
    dev: false
    optional: true

  /@resvg/resvg-js-darwin-arm64/2.4.0:
    resolution: {integrity: sha512-9XoPblXClMaT+lxX2YVy+kjOClOKEWQf8ijtJMGwVLcn/kgiQoA1iDXL7KPm8cUh/PElUh/ANLIveESAoNkuvw==}
    engines: {node: '>= 10'}
    cpu: [arm64]
    os: [darwin]
    requiresBuild: true
    dev: false
    optional: true

  /@resvg/resvg-js-darwin-x64/2.4.0:
    resolution: {integrity: sha512-Qb8JT/kYy4N0jfSR0kpzNeeDjMo2Os991SaPfWOqWE8RBXEYf6RUULwkfFzxRNsb5d/ohNF03VXKkiyLzQ/2ig==}
    engines: {node: '>= 10'}
    cpu: [x64]
    os: [darwin]
    requiresBuild: true
    dev: false
    optional: true

  /@resvg/resvg-js-linux-arm-gnueabihf/2.4.0:
    resolution: {integrity: sha512-JcYAi4m0mgqWjkOHZFHQIVWb7/w9eQJ3jtWmUt14NZ/pvS4a98n+MbDKWNHO9qaCSDIEitQS8t09MhgO04yAAw==}
    engines: {node: '>= 10'}
    cpu: [arm]
    os: [linux]
    requiresBuild: true
    dev: false
    optional: true

  /@resvg/resvg-js-linux-arm64-gnu/2.4.0:
    resolution: {integrity: sha512-jYDMHQJ0au5JT8qt5abPyJySd4wRuoT9Y7A9l0thHPHVaNo8GO8kWLy8iC03N0CP+/Ber/s1kPo/NxkvkXev5w==}
    engines: {node: '>= 10'}
    cpu: [arm64]
    os: [linux]
    requiresBuild: true
    dev: false
    optional: true

  /@resvg/resvg-js-linux-arm64-musl/2.4.0:
    resolution: {integrity: sha512-YByXwG1dRWd5xetawMj9a2pbGtR8HuRSon5xKPCN30xHACTorXeCr8G0rtsMq/e8GkoHjgrvtA3QnPpB2d7z7Q==}
    engines: {node: '>= 10'}
    cpu: [arm64]
    os: [linux]
    requiresBuild: true
    dev: false
    optional: true

  /@resvg/resvg-js-linux-x64-gnu/2.4.0:
    resolution: {integrity: sha512-OCWMeR9W55rkyxh6Gwnu04rr856uzEngUF4mXE1fqaTXLvGgNG++RpjwE7gQ64nKvSJF1stiL2QPqRB72LHPtw==}
    engines: {node: '>= 10'}
    cpu: [x64]
    os: [linux]
    requiresBuild: true
    dev: false
    optional: true

  /@resvg/resvg-js-linux-x64-musl/2.4.0:
    resolution: {integrity: sha512-JoFsQwg4T/1i+xjih5nFSSGF4RgcH1U5gbRVUL3YZW/HNO+7Mmmlv6F3HXCJI2xm9rVHoiNnzkFVD7AAXbG+ng==}
    engines: {node: '>= 10'}
    cpu: [x64]
    os: [linux]
    requiresBuild: true
    dev: false
    optional: true

  /@resvg/resvg-js-win32-arm64-msvc/2.4.0:
    resolution: {integrity: sha512-SReuI+6PKgtd4NI491Y1epaEqerRz+Pf/O/3ePTSCiTYZaLQoUIJ0b7POIFbMKKW0el7Iv+CeSOMy2/TffbX9Q==}
    engines: {node: '>= 10'}
    cpu: [arm64]
    os: [win32]
    requiresBuild: true
    dev: false
    optional: true

  /@resvg/resvg-js-win32-ia32-msvc/2.4.0:
    resolution: {integrity: sha512-vO1Hqt6/1MFL9+PBvBP7GoqxtyUWEsUvUG0FunreBIX2NCifh0cwZxKKAN5NFpyAD/0F+os5SxDpBwpf2BBotg==}
    engines: {node: '>= 10'}
    cpu: [ia32]
    os: [win32]
    requiresBuild: true
    dev: false
    optional: true

  /@resvg/resvg-js-win32-x64-msvc/2.4.0:
    resolution: {integrity: sha512-JEX4gp+qm+v7LKw8vVS4zP04qGK135Ja11QWmbM3OOpFvyTQkOiKuqm3FS+CIw6DE1A6kqX+dEwN8wBXWGDDDQ==}
    engines: {node: '>= 10'}
    cpu: [x64]
    os: [win32]
    requiresBuild: true
    dev: false
    optional: true

  /@resvg/resvg-js/2.4.0:
    resolution: {integrity: sha512-M8Oetgb1w7x062aJDZl7Sf859pcbLm+5jen+aT5ShrSQRcHqftEbFzCgeOggZkcsFr4D8i9pM0ZuhOOhZWrORQ==}
    engines: {node: '>= 10'}
    optionalDependencies:
      '@resvg/resvg-js-android-arm-eabi': 2.4.0
      '@resvg/resvg-js-android-arm64': 2.4.0
      '@resvg/resvg-js-darwin-arm64': 2.4.0
      '@resvg/resvg-js-darwin-x64': 2.4.0
      '@resvg/resvg-js-linux-arm-gnueabihf': 2.4.0
      '@resvg/resvg-js-linux-arm64-gnu': 2.4.0
      '@resvg/resvg-js-linux-arm64-musl': 2.4.0
      '@resvg/resvg-js-linux-x64-gnu': 2.4.0
      '@resvg/resvg-js-linux-x64-musl': 2.4.0
      '@resvg/resvg-js-win32-arm64-msvc': 2.4.0
      '@resvg/resvg-js-win32-ia32-msvc': 2.4.0
      '@resvg/resvg-js-win32-x64-msvc': 2.4.0
    dev: false

  /@types/body-parser/1.19.2:
    resolution: {integrity: sha512-ALYone6pm6QmwZoAgeyNksccT9Q4AWZQ6PvfwR37GT6r6FWUPguq6sUmNGSMV2Wr761oQoBxwGGa6DR5o1DC9g==}
    dependencies:
      '@types/connect': 3.4.35
      '@types/node': 18.13.0
    dev: true

  /@types/connect/3.4.35:
    resolution: {integrity: sha512-cdeYyv4KWoEgpBISTxWvqYsVy444DOqehiF3fM3ne10AmJ62RSyNkUnxMJXHQWRQQX2eR94m5y1IZyDwBjV9FQ==}
    dependencies:
      '@types/node': 18.13.0
    dev: true

  /@types/express-serve-static-core/4.17.33:
    resolution: {integrity: sha512-TPBqmR/HRYI3eC2E5hmiivIzv+bidAfXofM+sbonAGvyDhySGw9/PQZFt2BLOrjUUR++4eJVpx6KnLQK1Fk9tA==}
    dependencies:
      '@types/node': 18.13.0
      '@types/qs': 6.9.7
      '@types/range-parser': 1.2.4
    dev: true

  /@types/express/4.17.17:
    resolution: {integrity: sha512-Q4FmmuLGBG58btUnfS1c1r/NQdlp3DMfGDGig8WhfpA2YRUtEkxAjkZb0yvplJGYdF1fsQ81iMDcH24sSCNC/Q==}
    dependencies:
      '@types/body-parser': 1.19.2
      '@types/express-serve-static-core': 4.17.33
      '@types/qs': 6.9.7
      '@types/serve-static': 1.15.0
    dev: true

  /@types/json-schema/7.0.11:
    resolution: {integrity: sha512-wOuvG1SN4Us4rez+tylwwwCV1psiNVOkJeM3AUWUNWg/jDQY2+HE/444y5gc+jBmRqASOm2Oeh5c1axHobwRKQ==}
    dev: false

  /@types/mime/3.0.1:
    resolution: {integrity: sha512-Y4XFY5VJAuw0FgAqPNd6NNoV44jbq9Bz2L7Rh/J6jLTiHBSBJa9fxqQIvkIld4GsoDOcCbvzOUAbLPsSKKg+uA==}
    dev: true

  /@types/node/18.13.0:
    resolution: {integrity: sha512-gC3TazRzGoOnoKAhUx+Q0t8S9Tzs74z7m0ipwGpSqQrleP14hKxP4/JUeEQcD3W1/aIpnWl8pHowI7WokuZpXg==}
    dev: true

  /@types/qs/6.9.7:
    resolution: {integrity: sha512-FGa1F62FT09qcrueBA6qYTrJPVDzah9a+493+o2PCXsesWHIn27G98TsSMs3WPNbZIEj4+VJf6saSFpvD+3Zsw==}
    dev: true

  /@types/range-parser/1.2.4:
    resolution: {integrity: sha512-EEhsLsD6UsDM1yFhAvy0Cjr6VwmpMWqFBCb9w07wVugF7w9nfajxLuVmngTIpgS6svCnm6Vaw+MZhoDCKnOfsw==}
    dev: true

  /@types/serve-static/1.15.0:
    resolution: {integrity: sha512-z5xyF6uh8CbjAu9760KDKsH2FcDxZ2tFCsA4HIMWE6IkiYMXfVoa+4f9KX+FN0ZLsaMw1WNG2ETLA6N+/YA+cg==}
    dependencies:
      '@types/mime': 3.0.1
      '@types/node': 18.13.0
    dev: true

  /accepts/1.3.8:
    resolution: {integrity: sha512-PYAthTa2m2VKxuvSD3DPC/Gy+U+sOA1LAuT8mkmRuvw+NACSaeXEQ+NHcVF7rONl6qcaxV3Uuemwawk+7+SJLw==}
    engines: {node: '>= 0.6'}
    dependencies:
      mime-types: 2.1.35
      negotiator: 0.6.3
    dev: false

  /array-flatten/1.1.1:
    resolution: {integrity: sha512-PCVAQswWemu6UdxsDFFX/+gVeYqKAod3D3UVm91jHwynguOwAvYPhx8nNlM++NqRcK6CxxpUafjmhIdKiHibqg==}
    dev: false

  /balanced-match/1.0.2:
    resolution: {integrity: sha512-3oSeUO0TMV67hN1AmbXsK4yaqU7tjiHlbxRDZOpH0KW9+CeX4bRAaX0Anxt0tx2MrpRpWwQaPwIlISEJhYU5Pw==}
    dev: false

  /base64-js/1.5.1:
    resolution: {integrity: sha512-AKpaYlHn8t4SVbOHCy+b5+KKgvR4vrsD8vbvrbiQJps7fKDTkjkDry6ji0rUJjC0kzbNePLwzxq8iypo41qeWA==}
    dev: false

  /bl/4.1.0:
    resolution: {integrity: sha512-1W07cM9gS6DcLperZfFSj+bWLtaPGSOHWhPiGzXmvVJbRLdG82sH/Kn8EtW1VqWVA54AKf2h5k5BbnIbwF3h6w==}
    dependencies:
      buffer: 5.7.1
      inherits: 2.0.4
      readable-stream: 3.6.0
    dev: false

  /body-parser/1.20.1:
    resolution: {integrity: sha512-jWi7abTbYwajOytWCQc37VulmWiRae5RyTpaCyDcS5/lMdtwSz5lOpDE67srw/HYe35f1z3fDQw+3txg7gNtWw==}
    engines: {node: '>= 0.8', npm: 1.2.8000 || >= 1.4.16}
    dependencies:
      bytes: 3.1.2
      content-type: 1.0.5
      debug: 2.6.9
      depd: 2.0.0
      destroy: 1.2.0
      http-errors: 2.0.0
      iconv-lite: 0.4.24
      on-finished: 2.4.1
      qs: 6.11.0
      raw-body: 2.5.1
      type-is: 1.6.18
      unpipe: 1.0.0
    transitivePeerDependencies:
      - supports-color
    dev: false

  /brace-expansion/1.1.11:
    resolution: {integrity: sha512-iCuPHDFgrHX7H2vEI/5xpz07zSHB00TpugqhmYtVmMO6518mCuRMoOYFldEBl0g187ufozdaHgWKcYFb61qGiA==}
    dependencies:
      balanced-match: 1.0.2
      concat-map: 0.0.1
    dev: false

  /buffer/5.7.1:
    resolution: {integrity: sha512-EHcyIPBQ4BSGlvjB16k5KgAJ27CIsHY/2JBmCRReo48y9rQ3MaUzWX3KVlBa4U7MyX02HdVj0K7C3WaB3ju7FQ==}
    dependencies:
      base64-js: 1.5.1
      ieee754: 1.2.1
    dev: false

  /bytes/3.1.2:
    resolution: {integrity: sha512-/Nf7TyzTx6S3yRJObOAV7956r8cr2+Oj8AC5dt8wSP3BQAoeX58NoHyCU8P8zGkNXStjTSi6fzO6F0pBdcYbEg==}
    engines: {node: '>= 0.8'}
    dev: false

  /call-bind/1.0.2:
    resolution: {integrity: sha512-7O+FbCihrB5WGbFYesctwmTKae6rOiIzmz1icreWJ+0aA7LJfuqhEso2T9ncpcFtzMQtzXf2QGGueWJGTYsqrA==}
    dependencies:
      function-bind: 1.1.1
      get-intrinsic: 1.2.0
    dev: false

  /chownr/1.1.4:
    resolution: {integrity: sha512-jJ0bqzaylmJtVnNgzTeSOs8DPavpbYgEr/b0YL8/2GO3xJEhInFmhKMUnEJQjZumK7KXGFhUy89PrsJWlakBVg==}
    dev: false

  /color-convert/2.0.1:
    resolution: {integrity: sha512-RRECPsj7iu/xb5oKYcsFHSppFNnsj/52OVTRKb4zP5onXwVF3zVmmToNcOfGC+CRDpfK/U584fMg38ZHCaElKQ==}
    engines: {node: '>=7.0.0'}
    dependencies:
      color-name: 1.1.4
    dev: false

  /color-name/1.1.4:
    resolution: {integrity: sha512-dOy+3AuW3a2wNbZHIuMZpTcgjGuLU/uBL/ubcZF9OXbDo8ff4O8yVp5Bf0efS8uEoYo5q4Fx7dY9OgQGXgAsQA==}
    dev: false

  /color-string/1.9.1:
    resolution: {integrity: sha512-shrVawQFojnZv6xM40anx4CkoDP+fZsw/ZerEMsW/pyzsRbElpsL/DBVW7q3ExxwusdNXI3lXpuhEZkzs8p5Eg==}
    dependencies:
      color-name: 1.1.4
      simple-swizzle: 0.2.2
    dev: false

  /color/4.2.3:
    resolution: {integrity: sha512-1rXeuUUiGGrykh+CeBdu5Ie7OJwinCgQY0bc7GCRxy5xVHy+moaqkpL/jqQq0MtQOeYcrqEz4abc5f0KtU7W4A==}
    engines: {node: '>=12.5.0'}
    dependencies:
      color-convert: 2.0.1
      color-string: 1.9.1
    dev: false

  /concat-map/0.0.1:
    resolution: {integrity: sha1-2Klr13/Wjfd5OnMDajug1UBdR3s=}
    dev: false

  /content-disposition/0.5.4:
    resolution: {integrity: sha512-FveZTNuGw04cxlAiWbzi6zTAL/lhehaWbTtgluJh4/E95DqMwTmha3KZN1aAWA8cFIhHzMZUvLevkw5Rqk+tSQ==}
    engines: {node: '>= 0.6'}
    dependencies:
      safe-buffer: 5.2.1
    dev: false

  /content-type/1.0.5:
    resolution: {integrity: sha512-nTjqfcBFEipKdXCv4YDQWCfmcLZKm81ldF0pAopTvyrFGVbcR6P/VAAd5G7N+0tTr8QqiU0tFadD6FK4NtJwOA==}
    engines: {node: '>= 0.6'}
    dev: false

  /cookie-signature/1.0.6:
    resolution: {integrity: sha1-4wOogrNCzD7oylE6eZmXNNqzriw=}
    dev: false

  /cookie/0.5.0:
    resolution: {integrity: sha512-YZ3GUyn/o8gfKJlnlX7g7xq4gyO6OSuhGPKaaGssGB2qgDUS0gPgtTvoyZLTt9Ab6dC4hfc9dV5arkvc/OCmrw==}
    engines: {node: '>= 0.6'}
    dev: false

  /debug/2.6.9:
    resolution: {integrity: sha512-bC7ElrdJaJnPbAP+1EotYvqZsb3ecl5wi6Bfi6BJTUcNowp6cvspg0jXznRTKDjm/E7AdgFBVeAPVMNcKGsHMA==}
    peerDependencies:
      supports-color: '*'
    peerDependenciesMeta:
      supports-color:
        optional: true
    dependencies:
      ms: 2.0.0
    dev: false

  /decompress-response/6.0.0:
    resolution: {integrity: sha512-aW35yZM6Bb/4oJlZncMH2LCoZtJXTRxES17vE3hoRiowU2kWHaJKFkSBDnDR+cm9J+9QhXmREyIfv0pji9ejCQ==}
    engines: {node: '>=10'}
    dependencies:
      mimic-response: 3.1.0
    dev: false

  /deep-extend/0.6.0:
    resolution: {integrity: sha512-LOHxIOaPYdHlJRtCQfDIVZtfw/ufM8+rVj649RIHzcm/vGwQRXFt6OPqIFWsm2XEMrNIEtWR64sY1LEKD2vAOA==}
    engines: {node: '>=4.0.0'}
    dev: false

  /depd/2.0.0:
    resolution: {integrity: sha512-g7nH6P6dyDioJogAAGprGpCtVImJhpPk/roCzdb3fIh61/s/nPsfR6onyMwkCAR/OlC3yBC0lESvUoQEAssIrw==}
    engines: {node: '>= 0.8'}
    dev: false

  /destroy/1.2.0:
    resolution: {integrity: sha512-2sJGJTaXIIaR1w4iJSNoN0hnMY7Gpc/n8D4qSCJw8QqFWXf7cuAgnEHxBpweaVcPevC2l3KpjYCx3NypQQgaJg==}
    engines: {node: '>= 0.8', npm: 1.2.8000 || >= 1.4.16}
    dev: false

  /detect-libc/2.0.1:
    resolution: {integrity: sha512-463v3ZeIrcWtdgIg6vI6XUncguvr2TnGl4SzDXinkt9mSLpBJKXT3mW6xT3VQdDN11+WVs29pgvivTc4Lp8v+w==}
    engines: {node: '>=8'}
    dev: false

  /ee-first/1.1.1:
    resolution: {integrity: sha1-WQxhFWsK4vTwJVcyoViyZrxWsh0=}
    dev: false

  /encodeurl/1.0.2:
    resolution: {integrity: sha512-TPJXq8JqFaVYm2CWmPvnP2Iyo4ZSM7/QKcSmuMLDObfpH5fi7RUGmd/rTDf+rut/saiDiQEeVTNgAmJEdAOx0w==}
    engines: {node: '>= 0.8'}
    dev: false

  /end-of-stream/1.4.4:
    resolution: {integrity: sha512-+uw1inIHVPQoaVuHzRyXd21icM+cnt4CzD5rW+NC1wjOUSTOs+Te7FOv7AhN7vS9x/oIyhLP5PR1H+phQAHu5Q==}
    dependencies:
      once: 1.4.0
    dev: false

  /escape-html/1.0.3:
    resolution: {integrity: sha512-NiSupZ4OeuGwr68lGIeym/ksIZMJodUGOSCZ/FSnTxcrekbvqrgdUxlJOMpijaKZVjAJrWrGs/6Jy8OMuyj9ow==}
    dev: false

  /etag/1.8.1:
    resolution: {integrity: sha512-aIL5Fx7mawVa300al2BnEE4iNvo1qETxLrPI/o05L7z6go7fCw1J6EQmbK4FmJ2AS7kgVF/KEZWufBfdClMcPg==}
    engines: {node: '>= 0.6'}
    dev: false

  /expand-template/2.0.3:
    resolution: {integrity: sha512-XYfuKMvj4O35f/pOXLObndIRvyQ+/+6AhODh+OKWj9S9498pHHn/IMszH+gt0fBCRWMNfk1ZSp5x3AifmnI2vg==}
    engines: {node: '>=6'}
    dev: false

  /express/4.18.2:
    resolution: {integrity: sha512-5/PsL6iGPdfQ/lKM1UuielYgv3BUoJfz1aUwU9vHZ+J7gyvwdQXFEBIEIaxeGf0GIcreATNyBExtalisDbuMqQ==}
    engines: {node: '>= 0.10.0'}
    dependencies:
      accepts: 1.3.8
      array-flatten: 1.1.1
      body-parser: 1.20.1
      content-disposition: 0.5.4
      content-type: 1.0.5
      cookie: 0.5.0
      cookie-signature: 1.0.6
      debug: 2.6.9
      depd: 2.0.0
      encodeurl: 1.0.2
      escape-html: 1.0.3
      etag: 1.8.1
      finalhandler: 1.2.0
      fresh: 0.5.2
      http-errors: 2.0.0
      merge-descriptors: 1.0.1
      methods: 1.1.2
      on-finished: 2.4.1
      parseurl: 1.3.3
      path-to-regexp: 0.1.7
      proxy-addr: 2.0.7
      qs: 6.11.0
      range-parser: 1.2.1
      safe-buffer: 5.2.1
      send: 0.18.0
      serve-static: 1.15.0
      setprototypeof: 1.2.0
      statuses: 2.0.1
      type-is: 1.6.18
      utils-merge: 1.0.1
      vary: 1.1.2
    transitivePeerDependencies:
      - supports-color
    dev: false

  /finalhandler/1.2.0:
    resolution: {integrity: sha512-5uXcUVftlQMFnWC9qu/svkWv3GTd2PfUhK/3PLkYNAe7FbqJMt3515HaxE6eRL74GdsriiwujiawdaB1BpEISg==}
    engines: {node: '>= 0.8'}
    dependencies:
      debug: 2.6.9
      encodeurl: 1.0.2
      escape-html: 1.0.3
      on-finished: 2.4.1
      parseurl: 1.3.3
      statuses: 2.0.1
      unpipe: 1.0.0
    transitivePeerDependencies:
      - supports-color
    dev: false

  /forwarded/0.2.0:
    resolution: {integrity: sha512-buRG0fpBtRHSTCOASe6hD258tEubFoRLb4ZNA6NxMVHNw2gOcwHo9wyablzMzOA5z9xA9L1KNjk/Nt6MT9aYow==}
    engines: {node: '>= 0.6'}
    dev: false

  /fresh/0.5.2:
    resolution: {integrity: sha1-PYyt2Q2XZWn6g1qx+OSyOhBWBac=}
    engines: {node: '>= 0.6'}
    dev: false

  /fs-constants/1.0.0:
    resolution: {integrity: sha512-y6OAwoSIf7FyjMIv94u+b5rdheZEjzR63GTyZJm5qh4Bi+2YgwLCcI/fPFZkL5PSixOt6ZNKm+w+Hfp/Bciwow==}
    dev: false

  /fs.realpath/1.0.0:
    resolution: {integrity: sha512-OO0pH2lK6a0hZnAdau5ItzHPI6pUlvI7jMVnxUQRtw4owF2wk8lOSabtGDCTP4Ggrg2MbGnWO9X8K1t4+fGMDw==}
    dev: false

  /function-bind/1.1.1:
    resolution: {integrity: sha512-yIovAzMX49sF8Yl58fSCWJ5svSLuaibPxXQJFLmBObTuCr0Mf1KiPopGM9NiFjiYBCbfaa2Fh6breQ6ANVTI0A==}
    dev: false

  /get-intrinsic/1.2.0:
    resolution: {integrity: sha512-L049y6nFOuom5wGyRc3/gdTLO94dySVKRACj1RmJZBQXlbTMhtNIgkWkUHq+jYmZvKf14EW1EoJnnjbmoHij0Q==}
    dependencies:
      function-bind: 1.1.1
      has: 1.0.3
      has-symbols: 1.0.3
    dev: false

  /github-from-package/0.0.0:
    resolution: {integrity: sha512-SyHy3T1v2NUXn29OsWdxmK6RwHD+vkj3v8en8AOBZ1wBQ/hCAQ5bAQTD02kW4W9tUp/3Qh6J8r9EvntiyCmOOw==}
    dev: false

  /glob/7.2.3:
    resolution: {integrity: sha512-nFR0zLpU2YCaRxwoCJvL6UvCH2JFyFVIvwTLsIf21AuHlMskA1hhTdk+LlYJtOlYt9v6dvszD2BGRqBL+iQK9Q==}
    dependencies:
      fs.realpath: 1.0.0
      inflight: 1.0.6
      inherits: 2.0.4
      minimatch: 3.1.2
      once: 1.4.0
      path-is-absolute: 1.0.1
    dev: false

  /has-symbols/1.0.3:
    resolution: {integrity: sha512-l3LCuF6MgDNwTDKkdYGEihYjt5pRPbEg46rtlmnSPlUbgmB8LOIrKJbYYFBSbnPaJexMKtiPO8hmeRjRz2Td+A==}
    engines: {node: '>= 0.4'}
    dev: false

  /has/1.0.3:
    resolution: {integrity: sha512-f2dvO0VU6Oej7RkWJGrehjbzMAjFp5/VKPp5tTpWIV4JHHZK1/BxbFRtf/siA2SWTe09caDmVtYYzWEIbBS4zw==}
    engines: {node: '>= 0.4.0'}
    dependencies:
      function-bind: 1.1.1
    dev: false

  /http-errors/2.0.0:
    resolution: {integrity: sha512-FtwrG/euBzaEjYeRqOgly7G0qviiXoJWnvEH2Z1plBdXgbyjv34pHTSb9zoeHMyDy33+DWy5Wt9Wo+TURtOYSQ==}
    engines: {node: '>= 0.8'}
    dependencies:
      depd: 2.0.0
      inherits: 2.0.4
      setprototypeof: 1.2.0
      statuses: 2.0.1
      toidentifier: 1.0.1
    dev: false

  /iconv-lite/0.4.24:
    resolution: {integrity: sha512-v3MXnZAcvnywkTUEZomIActle7RXXeedOR31wwl7VlyoXO4Qi9arvSenNQWne1TcRwhCL1HwLI21bEqdpj8/rA==}
    engines: {node: '>=0.10.0'}
    dependencies:
      safer-buffer: 2.1.2
    dev: false

  /ieee754/1.2.1:
    resolution: {integrity: sha512-dcyqhDvX1C46lXZcVqCpK+FtMRQVdIMN6/Df5js2zouUsqG7I6sFxitIC+7KYK29KdXOLHdu9zL4sFnoVQnqaA==}
    dev: false

  /inflight/1.0.6:
    resolution: {integrity: sha512-k92I/b08q4wvFscXCLvqfsHCrjrF7yiXsQuIVvVE7N82W3+aqpzuUdBbfhWcy/FZR3/4IgflMgKLOsvPDrGCJA==}
    dependencies:
      once: 1.4.0
      wrappy: 1.0.2
    dev: false

  /inherits/2.0.4:
    resolution: {integrity: sha512-k/vGaX4/Yla3WzyMCvTQOXYeIHvqOKtnqBduzTHpzpQZzAskKMhZ2K+EnBiSM9zGSoIFeMpXKxa4dYeZIQqewQ==}
    dev: false

  /ini/1.3.8:
    resolution: {integrity: sha512-JV/yugV2uzW5iMRSiZAyDtQd+nxtUnjeLt0acNdw98kKLrvuRVyB80tsREOE7yvGVgalhZ6RNXCmEHkUKBKxew==}
    dev: false

  /ipaddr.js/1.9.1:
    resolution: {integrity: sha512-0KI/607xoxSToH7GjN1FfSbLoU0+btTicjsQSWQlh/hZykN8KpmMf7uYwPW3R+akZ6R/w18ZlXSHBYXiYUPO3g==}
    engines: {node: '>= 0.10'}
    dev: false

  /is-arrayish/0.3.2:
    resolution: {integrity: sha512-eVRqCvVlZbuw3GrM63ovNSNAeA1K16kaR/LRY/92w0zxQ5/1YzwblUX652i4Xs9RwAGjW9d9y6X88t8OaAJfWQ==}
    dev: false

  /lru-cache/6.0.0:
    resolution: {integrity: sha512-Jo6dJ04CmSjuznwJSS3pUeWmd/H0ffTlkXXgwZi+eq1UCmqQwCh+eLsYOYCwY991i2Fah4h1BEMCx4qThGbsiA==}
    engines: {node: '>=10'}
    dependencies:
      yallist: 4.0.0
    dev: false

  /media-typer/0.3.0:
    resolution: {integrity: sha512-dq+qelQ9akHpcOl/gUVRTxVIOkAJ1wR3QAvb4RsVjS8oVoFjDGTc679wJYmUmknUF5HwMLOgb5O+a3KxfWapPQ==}
    engines: {node: '>= 0.6'}
    dev: false

  /merge-descriptors/1.0.1:
    resolution: {integrity: sha1-sAqqVW3YtEVoFQ7J0blT8/kMu2E=}
    dev: false

  /methods/1.1.2:
    resolution: {integrity: sha512-iclAHeNqNm68zFtnZ0e+1L2yUIdvzNoauKU4WBA3VvH/vPFieF7qfRlwUZU+DA9P9bPXIS90ulxoUoCH23sV2w==}
    engines: {node: '>= 0.6'}
    dev: false

  /mime-db/1.52.0:
    resolution: {integrity: sha512-sPU4uV7dYlvtWJxwwxHD0PuihVNiE7TyAbQ5SWxDCB9mUYvOgroQOwYQQOKPJ8CIbE+1ETVlOoK1UC2nU3gYvg==}
    engines: {node: '>= 0.6'}
    dev: false

  /mime-types/2.1.35:
    resolution: {integrity: sha512-ZDY+bPm5zTTF+YpCrAU9nK0UgICYPT0QtT1NZWFv4s++TNkcgVaT0g6+4R2uI4MjQjzysHB1zxuWL50hzaeXiw==}
    engines: {node: '>= 0.6'}
    dependencies:
      mime-db: 1.52.0
    dev: false

  /mime/1.6.0:
    resolution: {integrity: sha512-x0Vn8spI+wuJ1O6S7gnbaQg8Pxh4NNHb7KSINmEWKiPE4RKOplvijn+NkmYmmRgP68mc70j2EbeTFRsrswaQeg==}
    engines: {node: '>=4'}
    hasBin: true
    dev: false

  /mimic-response/3.1.0:
    resolution: {integrity: sha512-z0yWI+4FDrrweS8Zmt4Ej5HdJmky15+L2e6Wgn3+iK5fWzb6T3fhNFq2+MeTRb064c6Wr4N/wv0DzQTjNzHNGQ==}
    engines: {node: '>=10'}
    dev: false

  /minimatch/3.1.2:
    resolution: {integrity: sha512-J7p63hRiAjw1NDEww1W7i37+ByIrOWO5XQQAzZ3VOcL0PNybwpfmV/N05zFAzwQ9USyEcX6t3UO+K5aqBQOIHw==}
    dependencies:
      brace-expansion: 1.1.11
    dev: false

  /minimist/1.2.8:
    resolution: {integrity: sha512-2yyAR8qBkN3YuheJanUpWC5U3bb5osDywNB8RzDVlDwDHbocAJveqqj1u8+SVD7jkWT4yvsHCpWqqWqAxb0zCA==}
    dev: false

  /mkdirp-classic/0.5.3:
    resolution: {integrity: sha512-gKLcREMhtuZRwRAfqP3RFW+TK4JqApVBtOIftVgjuABpAtpxhPGaDcfvbhNvD0B8iD1oUr/txX35NjcaY6Ns/A==}
    dev: false

  /ms/2.0.0:
    resolution: {integrity: sha512-Tpp60P6IUJDTuOq/5Z8cdskzJujfwqfOTkrwIwj7IRISpnkJnT6SyJ4PCPnGMoFjC9ddhal5KVIYtAt97ix05A==}
    dev: false

  /ms/2.1.3:
    resolution: {integrity: sha512-6FlzubTLZG3J2a/NVCAleEhjzq5oxgHyaCU9yYXvcLsvoVaHJq/s5xXI6/XXP6tz7R9xAOtHnSO/tXtF3WRTlA==}
    dev: false

  /napi-build-utils/1.0.2:
    resolution: {integrity: sha512-ONmRUqK7zj7DWX0D9ADe03wbwOBZxNAfF20PlGfCWQcD3+/MakShIHrMqx9YwPTfxDdF1zLeL+RGZiR9kGMLdg==}
    dev: false

  /negotiator/0.6.3:
    resolution: {integrity: sha512-+EUsqGPLsM+j/zdChZjsnX51g4XrHFOIXwfnCVPGlQk/k5giakcKsuxCObBRu6DSm9opw/O6slWbJdghQM4bBg==}
    engines: {node: '>= 0.6'}
    dev: false

  /node-abi/3.33.0:
    resolution: {integrity: sha512-7GGVawqyHF4pfd0YFybhv/eM9JwTtPqx0mAanQ146O3FlSh3pA24zf9IRQTOsfTSqXTNzPSP5iagAJ94jjuVog==}
    engines: {node: '>=10'}
    dependencies:
      semver: 7.3.8
    dev: false

  /node-addon-api/5.1.0:
    resolution: {integrity: sha512-eh0GgfEkpnoWDq+VY8OyvYhFEzBk6jIYbRKdIlyTiAXIVJ8PyBaKb0rp7oDtoddbdoHWhq8wwr+XZ81F1rpNdA==}
    dev: false

  /object-inspect/1.12.3:
    resolution: {integrity: sha512-geUvdk7c+eizMNUDkRpW1wJwgfOiOeHbxBR/hLXK1aT6zmVSO0jsQcs7fj6MGw89jC/cjGfLcNOrtMYtGqm81g==}
    dev: false

  /on-finished/2.4.1:
    resolution: {integrity: sha512-oVlzkg3ENAhCk2zdv7IJwd/QUD4z2RxRwpkcGY8psCVcCYZNq4wYnVWALHM+brtuJjePWiYF/ClmuDr8Ch5+kg==}
    engines: {node: '>= 0.8'}
    dependencies:
      ee-first: 1.1.1
    dev: false

  /once/1.4.0:
    resolution: {integrity: sha512-lNaJgI+2Q5URQBkccEKHTQOPaXdUxnZZElQTZY0MFUAuaEqe1E+Nyvgdz/aIyNi6Z9MzO5dv1H8n58/GELp3+w==}
    dependencies:
      wrappy: 1.0.2
    dev: false

  /parseurl/1.3.3:
    resolution: {integrity: sha512-CiyeOxFT/JZyN5m0z9PfXw4SCBJ6Sygz1Dpl0wqjlhDEGGBP1GnsUVEL0p63hoG1fcj3fHynXi9NYO4nWOL+qQ==}
    engines: {node: '>= 0.8'}
    dev: false

  /path-is-absolute/1.0.1:
    resolution: {integrity: sha512-AVbw3UJ2e9bq64vSaS9Am0fje1Pa8pbGqTTsmXfaIiMpnr5DlDhfJOuLj9Sf95ZPVDAUerDfEk88MPmPe7UCQg==}
    engines: {node: '>=0.10.0'}
    dev: false

  /path-to-regexp/0.1.7:
    resolution: {integrity: sha512-5DFkuoqlv1uYQKxy8omFBeJPQcdoE07Kv2sferDCrAq1ohOU+MSDswDIbnx3YAM60qIOnYa53wBhXW0EbMonrQ==}
    dev: false

  /prebuild-install/7.1.1:
    resolution: {integrity: sha512-jAXscXWMcCK8GgCoHOfIr0ODh5ai8mj63L2nWrjuAgXE6tDyYGnx4/8o/rCgU+B4JSyZBKbeZqzhtwtC3ovxjw==}
    engines: {node: '>=10'}
    hasBin: true
    dependencies:
      detect-libc: 2.0.1
      expand-template: 2.0.3
      github-from-package: 0.0.0
      minimist: 1.2.8
      mkdirp-classic: 0.5.3
      napi-build-utils: 1.0.2
      node-abi: 3.33.0
      pump: 3.0.0
      rc: 1.2.8
      simple-get: 4.0.1
      tar-fs: 2.1.1
      tunnel-agent: 0.6.0
    dev: false

  /proxy-addr/2.0.7:
    resolution: {integrity: sha512-llQsMLSUDUPT44jdrU/O37qlnifitDP+ZwrmmZcoSKyLKvtZxpyV0n2/bD/N4tBAAZ/gJEdZU7KMraoK1+XYAg==}
    engines: {node: '>= 0.10'}
    dependencies:
      forwarded: 0.2.0
      ipaddr.js: 1.9.1
    dev: false

  /pump/3.0.0:
    resolution: {integrity: sha512-LwZy+p3SFs1Pytd/jYct4wpv49HiYCqd9Rlc5ZVdk0V+8Yzv6jR5Blk3TRmPL1ft69TxP0IMZGJ+WPFU2BFhww==}
    dependencies:
      end-of-stream: 1.4.4
      once: 1.4.0
    dev: false

  /qs/6.11.0:
    resolution: {integrity: sha512-MvjoMCJwEarSbUYk5O+nmoSzSutSsTwF85zcHPQ9OrlFoZOYIjaqBAJIqIXjptyD5vThxGq52Xu/MaJzRkIk4Q==}
    engines: {node: '>=0.6'}
    dependencies:
      side-channel: 1.0.4
    dev: false

  /range-parser/1.2.1:
    resolution: {integrity: sha512-Hrgsx+orqoygnmhFbKaHE6c296J+HTAQXoxEF6gNupROmmGJRoyzfG3ccAveqCBrwr/2yxQ5BVd/GTl5agOwSg==}
    engines: {node: '>= 0.6'}
    dev: false

  /raw-body/2.5.1:
    resolution: {integrity: sha512-qqJBtEyVgS0ZmPGdCFPWJ3FreoqvG4MVQln/kCgF7Olq95IbOp0/BWyMwbdtn4VTvkM8Y7khCQ2Xgk/tcrCXig==}
    engines: {node: '>= 0.8'}
    dependencies:
      bytes: 3.1.2
      http-errors: 2.0.0
      iconv-lite: 0.4.24
      unpipe: 1.0.0
    dev: false

  /rc/1.2.8:
    resolution: {integrity: sha512-y3bGgqKj3QBdxLbLkomlohkvsA8gdAiUQlSBJnBhfn+BPxg4bc62d8TcBW15wavDfgexCgccckhcZvywyQYPOw==}
    hasBin: true
    dependencies:
      deep-extend: 0.6.0
      ini: 1.3.8
      minimist: 1.2.8
      strip-json-comments: 2.0.1
    dev: false

  /readable-stream/3.6.0:
    resolution: {integrity: sha512-BViHy7LKeTz4oNnkcLJ+lVSL6vpiFeX6/d3oSH8zCW7UxP2onchk+vTGB143xuFjHS3deTgkKoXXymXqymiIdA==}
    engines: {node: '>= 6'}
    dependencies:
      inherits: 2.0.4
      string_decoder: 1.3.0
      util-deprecate: 1.0.2
    dev: false

  /rimraf/3.0.2:
    resolution: {integrity: sha512-JZkJMZkAGFFPP2YqXZXPbMlMBgsxzE8ILs4lMIX/2o0L9UBw9O/Y3o6wFw/i9YLapcUJWwqbi3kdxIPdC62TIA==}
    hasBin: true
    dependencies:
      glob: 7.2.3
    dev: false

  /safe-buffer/5.2.1:
    resolution: {integrity: sha512-rp3So07KcdmmKbGvgaNxQSJr7bGVSVk5S9Eq1F+ppbRo70+YeaDxkw5Dd8NPN+GD6bjnYm2VuPuCXmpuYvmCXQ==}
    dev: false

  /safer-buffer/2.1.2:
    resolution: {integrity: sha512-YZo3K82SD7Riyi0E1EQPojLz7kpepnSQI9IyPbHHg1XXXevb5dJI7tpyN2ADxGcQbHG7vcyRHk0cbwqcQriUtg==}
    dev: false

  /semver/7.3.8:
    resolution: {integrity: sha512-NB1ctGL5rlHrPJtFDVIVzTyQylMLu9N9VICA6HSFJo8MCGVTMW6gfpicwKmmK/dAjTOrqu5l63JJOpDSrAis3A==}
    engines: {node: '>=10'}
    hasBin: true
    dependencies:
      lru-cache: 6.0.0
    dev: false

  /send/0.18.0:
    resolution: {integrity: sha512-qqWzuOjSFOuqPjFe4NOsMLafToQQwBSOEpS+FwEt3A2V3vKubTquT3vmLTQpFgMXp8AlFWFuP1qKaJZOtPpVXg==}
    engines: {node: '>= 0.8.0'}
    dependencies:
      debug: 2.6.9
      depd: 2.0.0
      destroy: 1.2.0
      encodeurl: 1.0.2
      escape-html: 1.0.3
      etag: 1.8.1
      fresh: 0.5.2
      http-errors: 2.0.0
      mime: 1.6.0
      ms: 2.1.3
      on-finished: 2.4.1
      range-parser: 1.2.1
      statuses: 2.0.1
    transitivePeerDependencies:
      - supports-color
    dev: false

  /serve-static/1.15.0:
    resolution: {integrity: sha512-XGuRDNjXUijsUL0vl6nSD7cwURuzEgglbOaFuZM9g3kwDXOWVTck0jLzjPzGD+TazWbboZYu52/9/XPdUgne9g==}
    engines: {node: '>= 0.8.0'}
    dependencies:
      encodeurl: 1.0.2
      escape-html: 1.0.3
      parseurl: 1.3.3
      send: 0.18.0
    transitivePeerDependencies:
      - supports-color
    dev: false

  /setprototypeof/1.2.0:
    resolution: {integrity: sha512-E5LDX7Wrp85Kil5bhZv46j8jOeboKq5JMmYM3gVGdGH8xFpPWXUMsNrlODCrkoxMEeNi/XZIwuRvY4XNwYMJpw==}
    dev: false

  /sharp/0.30.7:
    resolution: {integrity: sha512-G+MY2YW33jgflKPTXXptVO28HvNOo9G3j0MybYAHeEmby+QuD2U98dT6ueht9cv/XDqZspSpIhoSW+BAKJ7Hig==}
    engines: {node: '>=12.13.0'}
    requiresBuild: true
    dependencies:
      color: 4.2.3
      detect-libc: 2.0.1
      node-addon-api: 5.1.0
      prebuild-install: 7.1.1
      semver: 7.3.8
      simple-get: 4.0.1
      tar-fs: 2.1.1
      tunnel-agent: 0.6.0
    dev: false

  /side-channel/1.0.4:
    resolution: {integrity: sha512-q5XPytqFEIKHkGdiMIrY10mvLRvnQh42/+GoBlFW3b2LXLE2xxJpZFdm94we0BaoV3RwJyGqg5wS7epxTv0Zvw==}
    dependencies:
      call-bind: 1.0.2
      get-intrinsic: 1.2.0
      object-inspect: 1.12.3
    dev: false

  /simple-concat/1.0.1:
    resolution: {integrity: sha512-cSFtAPtRhljv69IK0hTVZQ+OfE9nePi/rtJmw5UjHeVyVroEqJXP1sFztKUy1qU+xvz3u/sfYJLa947b7nAN2Q==}
    dev: false

  /simple-get/4.0.1:
    resolution: {integrity: sha512-brv7p5WgH0jmQJr1ZDDfKDOSeWWg+OVypG99A/5vYGPqJ6pxiaHLy8nxtFjBA7oMa01ebA9gfh1uMCFqOuXxvA==}
    dependencies:
      decompress-response: 6.0.0
      once: 1.4.0
      simple-concat: 1.0.1
    dev: false

  /simple-swizzle/0.2.2:
    resolution: {integrity: sha512-JA//kQgZtbuY83m+xT+tXJkmJncGMTFT+C+g2h2R9uxkYIrE2yy9sgmcLhCnw57/WSD+Eh3J97FPEDFnbXnDUg==}
    dependencies:
      is-arrayish: 0.3.2
    dev: false

  /statuses/2.0.1:
    resolution: {integrity: sha512-RwNA9Z/7PrK06rYLIzFMlaF+l73iwpzsqRIFgbMLbTcLD6cOao82TaWefPXQvB2fOC4AjuYSEndS7N/mTCbkdQ==}
    engines: {node: '>= 0.8'}
    dev: false

  /string_decoder/1.3.0:
    resolution: {integrity: sha512-hkRX8U1WjJFd8LsDJ2yQ/wWWxaopEsABU1XfkM8A+j0+85JAGppt16cr1Whg6KIbb4okU6Mql6BOj+uup/wKeA==}
    dependencies:
      safe-buffer: 5.2.1
    dev: false

  /strip-json-comments/2.0.1:
    resolution: {integrity: sha512-4gB8na07fecVVkOI6Rs4e7T6NOTki5EmL7TUduTs6bu3EdnSycntVJ4re8kgZA+wx9IueI2Y11bfbgwtzuE0KQ==}
    engines: {node: '>=0.10.0'}
    dev: false

  /tar-fs/2.1.1:
    resolution: {integrity: sha512-V0r2Y9scmbDRLCNex/+hYzvp/zyYjvFbHPNgVTKfQvVrb6guiE/fxP+XblDNR011utopbkex2nM4dHNV6GDsng==}
    dependencies:
      chownr: 1.1.4
      mkdirp-classic: 0.5.3
      pump: 3.0.0
      tar-stream: 2.2.0
    dev: false

  /tar-stream/2.2.0:
    resolution: {integrity: sha512-ujeqbceABgwMZxEJnk2HDY2DlnUZ+9oEcb1KzTVfYHio0UE6dG71n60d8D2I4qNvleWrrXpmjpt7vZeF1LnMZQ==}
    engines: {node: '>=6'}
    dependencies:
      bl: 4.1.0
      end-of-stream: 1.4.4
      fs-constants: 1.0.0
      inherits: 2.0.4
      readable-stream: 3.6.0
    dev: false

  /tmp-promise/3.0.3:
    resolution: {integrity: sha512-RwM7MoPojPxsOBYnyd2hy0bxtIlVrihNs9pj5SUvY8Zz1sQcQG2tG1hSr8PDxfgEB8RNKDhqbIlroIarSNDNsQ==}
    dependencies:
      tmp: 0.2.1
    dev: false

  /tmp/0.2.1:
    resolution: {integrity: sha512-76SUhtfqR2Ijn+xllcI5P1oyannHNHByD80W1q447gU3mp9G9PSpGdWmjUOHRDPiHYacIk66W7ubDTuPF3BEtQ==}
    engines: {node: '>=8.17.0'}
    dependencies:
      rimraf: 3.0.2
    dev: false

  /toidentifier/1.0.1:
    resolution: {integrity: sha512-o5sSPKEkg/DIQNmH43V0/uerLrpzVedkUh8tGNvaeXpfpuwjKenlSox/2O/BTlZUtEe+JG7s5YhEz608PlAHRA==}
    engines: {node: '>=0.6'}
    dev: false

  /tunnel-agent/0.6.0:
    resolution: {integrity: sha512-McnNiV1l8RYeY8tBgEpuodCC1mLUdbSN+CYBL7kJsJNInOP8UjDDEwdk6Mw60vdLLrr5NHKZhMAOSrR2NZuQ+w==}
    dependencies:
      safe-buffer: 5.2.1
    dev: false

  /type-is/1.6.18:
    resolution: {integrity: sha512-TkRKr9sUTxEH8MdfuCSP7VizJyzRNMjj2J2do2Jr3Kym598JVdEksuzPQCnlFPW4ky9Q+iA+ma9BGm06XQBy8g==}
    engines: {node: '>= 0.6'}
    dependencies:
      media-typer: 0.3.0
      mime-types: 2.1.35
    dev: false

  /unpipe/1.0.0:
    resolution: {integrity: sha512-pjy2bYhSsufwWlKwPc+l3cN7+wuJlK6uz0YdJEOlQDbl6jo/YlPi4mb8agUkVC8BF7V8NuzeyPNqRksA3hztKQ==}
    engines: {node: '>= 0.8'}
    dev: false

  /util-deprecate/1.0.2:
    resolution: {integrity: sha512-EPD5q1uXyFxJpCrLnCc1nHnq3gOa6DZBocAIiI2TaSCA7VCJ1UJDMagCzIkXNsUYfD1daK//LTEQ8xiIbrHtcw==}
    dev: false

  /utils-merge/1.0.1:
    resolution: {integrity: sha512-pMZTvIkT1d+TFGvDOqodOclx0QWkkgi6Tdoa8gC8ffGAAqz9pzPTZWAybbsHHoED/ztMtkv/VoYTYyShUn81hA==}
    engines: {node: '>= 0.4.0'}
    dev: false

  /vary/1.1.2:
    resolution: {integrity: sha512-BNGbWLfd0eUPabhkXUVm0j8uuvREyTh5ovRa/dyow/BqAbZJyC+5fU+IzQOzmAKzYqYRAISoRhdQr3eIZ/PXqg==}
    engines: {node: '>= 0.8'}
    dev: false

  /wrappy/1.0.2:
    resolution: {integrity: sha512-l4Sp/DRseor9wL6EvV2+TuQn63dMkPjZ/sp9XkghTEbV9KlPS1xUsZ3u7/IQO4wxtcFB4bgpQPRcR3QCvezPcQ==}
    dev: false

  /yallist/4.0.0:
    resolution: {integrity: sha512-3wdGidZyq5PB084XLES5TpOSRA3wjXAlIWMhum2kRcv/41Sn2emQ0dycQW4uZXLejwKvg6EsvbdlVL+FYEct7A==}
    dev: false
